
Microsoft Visual Studio Solution File, Format Version 12.00
# Visual Studio Version 17
VisualStudioVersion = 17.0.31612.314
MinimumVisualStudioVersion = 10.0.40219.1
Project("{FAE04EC0-301F-11D3-BF4B-00C04F79EFBC}") = "TelcoAPIService", "TelcoAPIService.csproj", "{944E640A-F2D3-44E4-8F2F-D052C1508F39}"
EndProject
Project("{2150E333-8FDC-42A3-9474-1A3956D46DE8}") = "Solution Items", "Solution Items", "{0F05378A-3E87-4ED6-BAA4-8856EBF76FAD}"
	ProjectSection(SolutionItems) = preProject
		.editorconfig = .editorconfig
	EndProjectSection
EndProject
Global
	GlobalSection(SolutionConfigurationPlatforms) = preSolution
		Debug|Any CPU = Debug|Any CPU
		Release|Any CPU = Release|Any CPU
	EndGlobalSection
	GlobalSection(ProjectConfigurationPlatforms) = postSolution
		{944E640A-F2D3-44E4-8F2F-D052C1508F39}.Debug|Any CPU.ActiveCfg = Debug|Any CPU
		{944E640A-F2D3-44E4-8F2F-D052C1508F39}.Debug|Any CPU.Build.0 = Debug|Any CPU
		{944E640A-F2D3-44E4-8F2F-D052C1508F39}.Release|Any CPU.ActiveCfg = Release|Any CPU
		{944E640A-F2D3-44E4-8F2F-D052C1508F39}.Release|Any CPU.Build.0 = Release|Any CPU
	EndGlobalSection
	GlobalSection(SolutionProperties) = preSolution
		HideSolutionNode = FALSE
	EndGlobalSection
	GlobalSection(ExtensibilityGlobals) = postSolution
		SolutionGuid = {BE9CF258-F018-41F8-8C4C-DB2B394206A3}
	EndGlobalSection
EndGlobal
